
Microsoft Visual Studio Solution File, Format Version 12.00
# Visual Studio Version 17
VisualStudioVersion = 17.7.34024.191
MinimumVisualStudioVersion = 10.0.40219.1
Project("{FAE04EC0-301F-11D3-BF4B-00C04F79EFBC}") = "TTIProject.Server", "Server\TTIProject.Server.csproj", "{023A51D9-DEB4-4751-846A-6EDF5CC02257}"
EndProject
Project("{FAE04EC0-301F-11D3-BF4B-00C04F79EFBC}") = "TTIProject.Client", "Client\TTIProject.Client.csproj", "{D5360DBC-85DA-415B-8E96-20CE134FD383}"
EndProject
Project("{FAE04EC0-301F-11D3-BF4B-00C04F79EFBC}") = "TTIProject.Shared", "Shared\TTIProject.Shared.csproj", "{45A197D5-6100-46C2-BA27-11D15F468A67}"
EndProject
Global
	GlobalSection(SolutionConfigurationPlatforms) = preSolution
		Debug|Any CPU = Debug|Any CPU
		Release|Any CPU = Release|Any CPU
	EndGlobalSection
	GlobalSection(ProjectConfigurationPlatforms) = postSolution
		{023A51D9-DEB4-4751-846A-6EDF5CC02257}.Debug|Any CPU.ActiveCfg = Debug|Any CPU
		{023A51D9-DEB4-4751-846A-6EDF5CC02257}.Debug|Any CPU.Build.0 = Debug|Any CPU
		{023A51D9-DEB4-4751-846A-6EDF5CC02257}.Release|Any CPU.ActiveCfg = Release|Any CPU
		{023A51D9-DEB4-4751-846A-6EDF5CC02257}.Release|Any CPU.Build.0 = Release|Any CPU
		{D5360DBC-85DA-415B-8E96-20CE134FD383}.Debug|Any CPU.ActiveCfg = Debug|Any CPU
		{D5360DBC-85DA-415B-8E96-20CE134FD383}.Debug|Any CPU.Build.0 = Debug|Any CPU
		{D5360DBC-85DA-415B-8E96-20CE134FD383}.Release|Any CPU.ActiveCfg = Release|Any CPU
		{D5360DBC-85DA-415B-8E96-20CE134FD383}.Release|Any CPU.Build.0 = Release|Any CPU
		{45A197D5-6100-46C2-BA27-11D15F468A67}.Debug|Any CPU.ActiveCfg = Debug|Any CPU
		{45A197D5-6100-46C2-BA27-11D15F468A67}.Debug|Any CPU.Build.0 = Debug|Any CPU
		{45A197D5-6100-46C2-BA27-11D15F468A67}.Release|Any CPU.ActiveCfg = Release|Any CPU
		{45A197D5-6100-46C2-BA27-11D15F468A67}.Release|Any CPU.Build.0 = Release|Any CPU
	EndGlobalSection
	GlobalSection(SolutionProperties) = preSolution
		HideSolutionNode = FALSE
	EndGlobalSection
	GlobalSection(ExtensibilityGlobals) = postSolution
		SolutionGuid = {72B3B2E1-B4DD-4231-8FAD-775CE69A4885}
	EndGlobalSection
EndGlobal
